// !$*UTF8*$!
{
	archiveVersion = 1;
	classes = {
	};
	objectVersion = 56;
	objects = {

/* Begin PBXBuildFile section */
		C78934422BCD5DE400EB7037 /* SwiftUIView.swift in Sources */ = {isa = PBXBuildFile; fileRef = C78934412BCD5DE400EB7037 /* SwiftUIView.swift */; };
		C7A36A3D2BCE4ECA00BAA88E /* UserEntityTable+CoreDataClass.swift in Sources */ = {isa = PBXBuildFile; fileRef = C7A36A3B2BCE4ECA00BAA88E /* UserEntityTable+CoreDataClass.swift */; };
		C7A36A3E2BCE4ECA00BAA88E /* UserEntityTable+CoreDataProperties.swift in Sources */ = {isa = PBXBuildFile; fileRef = C7A36A3C2BCE4ECA00BAA88E /* UserEntityTable+CoreDataProperties.swift */; };
		C7A36A402BCE578000BAA88E /* SignUpView.swift in Sources */ = {isa = PBXBuildFile; fileRef = C7A36A3F2BCE578000BAA88E /* SignUpView.swift */; };
		C7A960102BBE7BF10046C0AE /* swiftUiFirebaseApp.swift in Sources */ = {isa = PBXBuildFile; fileRef = C7A9600F2BBE7BF10046C0AE /* swiftUiFirebaseApp.swift */; };
		C7A960122BBE7BF10046C0AE /* ContentView.swift in Sources */ = {isa = PBXBuildFile; fileRef = C7A960112BBE7BF10046C0AE /* ContentView.swift */; };
		C7A960142BBE7BF20046C0AE /* Assets.xcassets in Resources */ = {isa = PBXBuildFile; fileRef = C7A960132BBE7BF20046C0AE /* Assets.xcassets */; };
		C7A960172BBE7BF20046C0AE /* Preview Assets.xcassets in Resources */ = {isa = PBXBuildFile; fileRef = C7A960162BBE7BF20046C0AE /* Preview Assets.xcassets */; };
		C7A960192BBE7BF20046C0AE /* Persistence.swift in Sources */ = {isa = PBXBuildFile; fileRef = C7A960182BBE7BF20046C0AE /* Persistence.swift */; };
		C7A9601C2BBE7BF20046C0AE /* swiftUiFirebase.xcdatamodeld in Sources */ = {isa = PBXBuildFile; fileRef = C7A9601A2BBE7BF20046C0AE /* swiftUiFirebase.xcdatamodeld */; };
		C7A960262BBE7BF20046C0AE /* swiftUiFirebaseTests.swift in Sources */ = {isa = PBXBuildFile; fileRef = C7A960252BBE7BF20046C0AE /* swiftUiFirebaseTests.swift */; };
		C7A960302BBE7BF20046C0AE /* swiftUiFirebaseUITests.swift in Sources */ = {isa = PBXBuildFile; fileRef = C7A9602F2BBE7BF20046C0AE /* swiftUiFirebaseUITests.swift */; };
		C7A960322BBE7BF20046C0AE /* swiftUiFirebaseUITestsLaunchTests.swift in Sources */ = {isa = PBXBuildFile; fileRef = C7A960312BBE7BF20046C0AE /* swiftUiFirebaseUITestsLaunchTests.swift */; };
		C7AE9B352BBFC64F00CB0499 /* ContentViewModel.swift in Sources */ = {isa = PBXBuildFile; fileRef = C7AE9B342BBFC64F00CB0499 /* ContentViewModel.swift */; };
		C7AF3CB52BC7B0B200A55E21 /* OtpLoginView.swift in Sources */ = {isa = PBXBuildFile; fileRef = C7AF3CB42BC7B0B200A55E21 /* OtpLoginView.swift */; };
		C7AF3CB92BC7C30200A55E21 /* Extensions.swift in Sources */ = {isa = PBXBuildFile; fileRef = C7AF3CB82BC7C30200A55E21 /* Extensions.swift */; };
		C7AF3CBB2BC7C80400A55E21 /* OtpView.swift in Sources */ = {isa = PBXBuildFile; fileRef = C7AF3CBA2BC7C80400A55E21 /* OtpView.swift */; };
		C7B728B92BCCEE3B00774A7A /* FirebaseFunctions.swift in Sources */ = {isa = PBXBuildFile; fileRef = C7B728B82BCCEE3B00774A7A /* FirebaseFunctions.swift */; };
		C7B728BB2BCCF0B900774A7A /* GoogleService-Info.plist in Resources */ = {isa = PBXBuildFile; fileRef = C7B728BA2BCCF0B900774A7A /* GoogleService-Info.plist */; };
		C7B728BE2BCCF15300774A7A /* FirebaseAuth in Frameworks */ = {isa = PBXBuildFile; productRef = C7B728BD2BCCF15300774A7A /* FirebaseAuth */; };
		C7B728C02BCCF48700774A7A /* DataView.swift in Sources */ = {isa = PBXBuildFile; fileRef = C7B728BF2BCCF48700774A7A /* DataView.swift */; };
		C7B728C32BCD0DB400774A7A /* OtpLoginViewModel.swift in Sources */ = {isa = PBXBuildFile; fileRef = C7B728C22BCD0DB400774A7A /* OtpLoginViewModel.swift */; };
/* End PBXBuildFile section */

/* Begin PBXContainerItemProxy section */
		C7A960222BBE7BF20046C0AE /* PBXContainerItemProxy */ = {
			isa = PBXContainerItemProxy;
			containerPortal = C7A960042BBE7BF10046C0AE /* Project object */;
			proxyType = 1;
			remoteGlobalIDString = C7A9600B2BBE7BF10046C0AE;
			remoteInfo = swiftUiFirebase;
		};
		C7A9602C2BBE7BF20046C0AE /* PBXContainerItemProxy */ = {
			isa = PBXContainerItemProxy;
			containerPortal = C7A960042BBE7BF10046C0AE /* Project object */;
			proxyType = 1;
			remoteGlobalIDString = C7A9600B2BBE7BF10046C0AE;
			remoteInfo = swiftUiFirebase;
		};
/* End PBXContainerItemProxy section */

/* Begin PBXFileReference section */
		C78934412BCD5DE400EB7037 /* SwiftUIView.swift */ = {isa = PBXFileReference; lastKnownFileType = sourcecode.swift; path = SwiftUIView.swift; sourceTree = "<group>"; };
		C7A36A3B2BCE4ECA00BAA88E /* UserEntityTable+CoreDataClass.swift */ = {isa = PBXFileReference; lastKnownFileType = sourcecode.swift; path = "UserEntityTable+CoreDataClass.swift"; sourceTree = "<group>"; };
		C7A36A3C2BCE4ECA00BAA88E /* UserEntityTable+CoreDataProperties.swift */ = {isa = PBXFileReference; lastKnownFileType = sourcecode.swift; path = "UserEntityTable+CoreDataProperties.swift"; sourceTree = "<group>"; };
		C7A36A3F2BCE578000BAA88E /* SignUpView.swift */ = {isa = PBXFileReference; lastKnownFileType = sourcecode.swift; path = SignUpView.swift; sourceTree = "<group>"; };
		C7A9600C2BBE7BF10046C0AE /* swiftUiFirebase.app */ = {isa = PBXFileReference; explicitFileType = wrapper.application; includeInIndex = 0; path = swiftUiFirebase.app; sourceTree = BUILT_PRODUCTS_DIR; };
		C7A9600F2BBE7BF10046C0AE /* swiftUiFirebaseApp.swift */ = {isa = PBXFileReference; lastKnownFileType = sourcecode.swift; path = swiftUiFirebaseApp.swift; sourceTree = "<group>"; };
		C7A960112BBE7BF10046C0AE /* ContentView.swift */ = {isa = PBXFileReference; lastKnownFileType = sourcecode.swift; path = ContentView.swift; sourceTree = "<group>"; };
		C7A960132BBE7BF20046C0AE /* Assets.xcassets */ = {isa = PBXFileReference; lastKnownFileType = folder.assetcatalog; path = Assets.xcassets; sourceTree = "<group>"; };
		C7A960162BBE7BF20046C0AE /* Preview Assets.xcassets */ = {isa = PBXFileReference; lastKnownFileType = folder.assetcatalog; path = "Preview Assets.xcassets"; sourceTree = "<group>"; };
		C7A960182BBE7BF20046C0AE /* Persistence.swift */ = {isa = PBXFileReference; lastKnownFileType = sourcecode.swift; path = Persistence.swift; sourceTree = "<group>"; };
		C7A9601B2BBE7BF20046C0AE /* swiftUiFirebase.xcdatamodel */ = {isa = PBXFileReference; lastKnownFileType = wrapper.xcdatamodel; path = swiftUiFirebase.xcdatamodel; sourceTree = "<group>"; };
		C7A960212BBE7BF20046C0AE /* swiftUiFirebaseTests.xctest */ = {isa = PBXFileReference; explicitFileType = wrapper.cfbundle; includeInIndex = 0; path = swiftUiFirebaseTests.xctest; sourceTree = BUILT_PRODUCTS_DIR; };
		C7A960252BBE7BF20046C0AE /* swiftUiFirebaseTests.swift */ = {isa = PBXFileReference; lastKnownFileType = sourcecode.swift; path = swiftUiFirebaseTests.swift; sourceTree = "<group>"; };
		C7A9602B2BBE7BF20046C0AE /* swiftUiFirebaseUITests.xctest */ = {isa = PBXFileReference; explicitFileType = wrapper.cfbundle; includeInIndex = 0; path = swiftUiFirebaseUITests.xctest; sourceTree = BUILT_PRODUCTS_DIR; };
		C7A9602F2BBE7BF20046C0AE /* swiftUiFirebaseUITests.swift */ = {isa = PBXFileReference; lastKnownFileType = sourcecode.swift; path = swiftUiFirebaseUITests.swift; sourceTree = "<group>"; };
		C7A960312BBE7BF20046C0AE /* swiftUiFirebaseUITestsLaunchTests.swift */ = {isa = PBXFileReference; lastKnownFileType = sourcecode.swift; path = swiftUiFirebaseUITestsLaunchTests.swift; sourceTree = "<group>"; };
		C7AE9B342BBFC64F00CB0499 /* ContentViewModel.swift */ = {isa = PBXFileReference; lastKnownFileType = sourcecode.swift; path = ContentViewModel.swift; sourceTree = "<group>"; };
		C7AF3CA92BC7AAB900A55E21 /* Info.plist */ = {isa = PBXFileReference; lastKnownFileType = text.plist; path = Info.plist; sourceTree = "<group>"; };
		C7AF3CAB2BC7AC3900A55E21 /* Lato-ThinItalic.ttf */ = {isa = PBXFileReference; lastKnownFileType = file; path = "Lato-ThinItalic.ttf"; sourceTree = "<group>"; };
		C7AF3CAC2BC7AC3900A55E21 /* Lato-LightItalic.ttf */ = {isa = PBXFileReference; lastKnownFileType = file; path = "Lato-LightItalic.ttf"; sourceTree = "<group>"; };
		C7AF3CAD2BC7AC3900A55E21 /* Lato-Black.ttf */ = {isa = PBXFileReference; lastKnownFileType = file; path = "Lato-Black.ttf"; sourceTree = "<group>"; };
		C7AF3CAE2BC7AC3900A55E21 /* Lato-BlackItalic.ttf */ = {isa = PBXFileReference; lastKnownFileType = file; path = "Lato-BlackItalic.ttf"; sourceTree = "<group>"; };
		C7AF3CAF2BC7AC3900A55E21 /* Lato-BoldItalic.ttf */ = {isa = PBXFileReference; lastKnownFileType = file; path = "Lato-BoldItalic.ttf"; sourceTree = "<group>"; };
		C7AF3CB02BC7AC3900A55E21 /* Lato-Bold.ttf */ = {isa = PBXFileReference; lastKnownFileType = file; path = "Lato-Bold.ttf"; sourceTree = "<group>"; };
		C7AF3CB12BC7AC3900A55E21 /* Lato-Italic.ttf */ = {isa = PBXFileReference; lastKnownFileType = file; path = "Lato-Italic.ttf"; sourceTree = "<group>"; };
		C7AF3CB22BC7AC3900A55E21 /* Lato-Regular.ttf */ = {isa = PBXFileReference; lastKnownFileType = file; path = "Lato-Regular.ttf"; sourceTree = "<group>"; };
		C7AF3CB32BC7AC3900A55E21 /* Lato-Thin.ttf */ = {isa = PBXFileReference; lastKnownFileType = file; path = "Lato-Thin.ttf"; sourceTree = "<group>"; };
		C7AF3CB42BC7B0B200A55E21 /* OtpLoginView.swift */ = {isa = PBXFileReference; lastKnownFileType = sourcecode.swift; path = OtpLoginView.swift; sourceTree = "<group>"; };
		C7AF3CB82BC7C30200A55E21 /* Extensions.swift */ = {isa = PBXFileReference; lastKnownFileType = sourcecode.swift; path = Extensions.swift; sourceTree = "<group>"; };
		C7AF3CBA2BC7C80400A55E21 /* OtpView.swift */ = {isa = PBXFileReference; lastKnownFileType = sourcecode.swift; path = OtpView.swift; sourceTree = "<group>"; };
		C7B728B82BCCEE3B00774A7A /* FirebaseFunctions.swift */ = {isa = PBXFileReference; lastKnownFileType = sourcecode.swift; path = FirebaseFunctions.swift; sourceTree = "<group>"; };
		C7B728BA2BCCF0B900774A7A /* GoogleService-Info.plist */ = {isa = PBXFileReference; fileEncoding = 4; lastKnownFileType = text.plist.xml; path = "GoogleService-Info.plist"; sourceTree = "<group>"; };
		C7B728BF2BCCF48700774A7A /* DataView.swift */ = {isa = PBXFileReference; lastKnownFileType = sourcecode.swift; path = DataView.swift; sourceTree = "<group>"; };
		C7B728C12BCD0B0600774A7A /* swiftUiFirebase.entitlements */ = {isa = PBXFileReference; lastKnownFileType = text.plist.entitlements; path = swiftUiFirebase.entitlements; sourceTree = "<group>"; };
		C7B728C22BCD0DB400774A7A /* OtpLoginViewModel.swift */ = {isa = PBXFileReference; lastKnownFileType = sourcecode.swift; path = OtpLoginViewModel.swift; sourceTree = "<group>"; };
/* End PBXFileReference section */

/* Begin PBXFrameworksBuildPhase section */
		C7A960092BBE7BF10046C0AE /* Frameworks */ = {
			isa = PBXFrameworksBuildPhase;
			buildActionMask = 2147483647;
			files = (
				C7B728BE2BCCF15300774A7A /* FirebaseAuth in Frameworks */,
			);
			runOnlyForDeploymentPostprocessing = 0;
		};
		C7A9601E2BBE7BF20046C0AE /* Frameworks */ = {
			isa = PBXFrameworksBuildPhase;
			buildActionMask = 2147483647;
			files = (
			);
			runOnlyForDeploymentPostprocessing = 0;
		};
		C7A960282BBE7BF20046C0AE /* Frameworks */ = {
			isa = PBXFrameworksBuildPhase;
			buildActionMask = 2147483647;
			files = (
			);
			runOnlyForDeploymentPostprocessing = 0;
		};
/* End PBXFrameworksBuildPhase section */

/* Begin PBXGroup section */
		C7A960032BBE7BF10046C0AE = {
			isa = PBXGroup;
			children = (
				C7A36A3B2BCE4ECA00BAA88E /* UserEntityTable+CoreDataClass.swift */,
				C7A36A3C2BCE4ECA00BAA88E /* UserEntityTable+CoreDataProperties.swift */,
				C7A9600E2BBE7BF10046C0AE /* swiftUiFirebase */,
				C7A960242BBE7BF20046C0AE /* swiftUiFirebaseTests */,
				C7A9602E2BBE7BF20046C0AE /* swiftUiFirebaseUITests */,
				C7A9600D2BBE7BF10046C0AE /* Products */,
			);
			sourceTree = "<group>";
		};
		C7A9600D2BBE7BF10046C0AE /* Products */ = {
			isa = PBXGroup;
			children = (
				C7A9600C2BBE7BF10046C0AE /* swiftUiFirebase.app */,
				C7A960212BBE7BF20046C0AE /* swiftUiFirebaseTests.xctest */,
				C7A9602B2BBE7BF20046C0AE /* swiftUiFirebaseUITests.xctest */,
			);
			name = Products;
			sourceTree = "<group>";
		};
		C7A9600E2BBE7BF10046C0AE /* swiftUiFirebase */ = {
			isa = PBXGroup;
			children = (
				C7B728C12BCD0B0600774A7A /* swiftUiFirebase.entitlements */,
				C7AF3CA92BC7AAB900A55E21 /* Info.plist */,
				C7B728BA2BCCF0B900774A7A /* GoogleService-Info.plist */,
				C7A9600F2BBE7BF10046C0AE /* swiftUiFirebaseApp.swift */,
				C7B728B72BCCEE1D00774A7A /* Firebase */,
				C7AE9B322BBFC61A00CB0499 /* View */,
				C7AE9B332BBFC62D00CB0499 /* ViewModel */,
				C7A960132BBE7BF20046C0AE /* Assets.xcassets */,
				C7AF3CAA2BC7ABF900A55E21 /* Fonts */,
				C7A960182BBE7BF20046C0AE /* Persistence.swift */,
				C7A9601A2BBE7BF20046C0AE /* swiftUiFirebase.xcdatamodeld */,
				C7A960152BBE7BF20046C0AE /* Preview Content */,
			);
			path = swiftUiFirebase;
			sourceTree = "<group>";
		};
		C7A960152BBE7BF20046C0AE /* Preview Content */ = {
			isa = PBXGroup;
			children = (
				C7A960162BBE7BF20046C0AE /* Preview Assets.xcassets */,
			);
			path = "Preview Content";
			sourceTree = "<group>";
		};
		C7A960242BBE7BF20046C0AE /* swiftUiFirebaseTests */ = {
			isa = PBXGroup;
			children = (
				C7A960252BBE7BF20046C0AE /* swiftUiFirebaseTests.swift */,
			);
			path = swiftUiFirebaseTests;
			sourceTree = "<group>";
		};
		C7A9602E2BBE7BF20046C0AE /* swiftUiFirebaseUITests */ = {
			isa = PBXGroup;
			children = (
				C7A9602F2BBE7BF20046C0AE /* swiftUiFirebaseUITests.swift */,
				C7A960312BBE7BF20046C0AE /* swiftUiFirebaseUITestsLaunchTests.swift */,
			);
			path = swiftUiFirebaseUITests;
			sourceTree = "<group>";
		};
		C7AE9B322BBFC61A00CB0499 /* View */ = {
			isa = PBXGroup;
			children = (
				C7A960112BBE7BF10046C0AE /* ContentView.swift */,
				C7AF3CB42BC7B0B200A55E21 /* OtpLoginView.swift */,
				C7A36A3F2BCE578000BAA88E /* SignUpView.swift */,
				C78934412BCD5DE400EB7037 /* SwiftUIView.swift */,
				C7AF3CBA2BC7C80400A55E21 /* OtpView.swift */,
				C7AF3CB82BC7C30200A55E21 /* Extensions.swift */,
				C7B728BF2BCCF48700774A7A /* DataView.swift */,
			);
			name = View;
			sourceTree = "<group>";
		};
		C7AE9B332BBFC62D00CB0499 /* ViewModel */ = {
			isa = PBXGroup;
			children = (
				C7AE9B342BBFC64F00CB0499 /* ContentViewModel.swift */,
				C7B728C22BCD0DB400774A7A /* OtpLoginViewModel.swift */,
			);
			path = ViewModel;
			sourceTree = "<group>";
		};
		C7AF3CAA2BC7ABF900A55E21 /* Fonts */ = {
			isa = PBXGroup;
			children = (
				C7AF3CAD2BC7AC3900A55E21 /* Lato-Black.ttf */,
				C7AF3CAE2BC7AC3900A55E21 /* Lato-BlackItalic.ttf */,
				C7AF3CB02BC7AC3900A55E21 /* Lato-Bold.ttf */,
				C7AF3CAF2BC7AC3900A55E21 /* Lato-BoldItalic.ttf */,
				C7AF3CB12BC7AC3900A55E21 /* Lato-Italic.ttf */,
				C7AF3CAC2BC7AC3900A55E21 /* Lato-LightItalic.ttf */,
				C7AF3CB22BC7AC3900A55E21 /* Lato-Regular.ttf */,
				C7AF3CB32BC7AC3900A55E21 /* Lato-Thin.ttf */,
				C7AF3CAB2BC7AC3900A55E21 /* Lato-ThinItalic.ttf */,
			);
			path = Fonts;
			sourceTree = "<group>";
		};
		C7B728B72BCCEE1D00774A7A /* Firebase */ = {
			isa = PBXGroup;
			children = (
				C7B728B82BCCEE3B00774A7A /* FirebaseFunctions.swift */,
			);
			name = Firebase;
			sourceTree = "<group>";
		};
/* End PBXGroup section */

/* Begin PBXNativeTarget section */
		C7A9600B2BBE7BF10046C0AE /* swiftUiFirebase */ = {
			isa = PBXNativeTarget;
			buildConfigurationList = C7A960352BBE7BF20046C0AE /* Build configuration list for PBXNativeTarget "swiftUiFirebase" */;
			buildPhases = (
				C7A960082BBE7BF10046C0AE /* Sources */,
				C7A960092BBE7BF10046C0AE /* Frameworks */,
				C7A9600A2BBE7BF10046C0AE /* Resources */,
			);
			buildRules = (
			);
			dependencies = (
			);
			name = swiftUiFirebase;
			packageProductDependencies = (
				C7B728BD2BCCF15300774A7A /* FirebaseAuth */,
			);
			productName = swiftUiFirebase;
			productReference = C7A9600C2BBE7BF10046C0AE /* swiftUiFirebase.app */;
			productType = "com.apple.product-type.application";
		};
		C7A960202BBE7BF20046C0AE /* swiftUiFirebaseTests */ = {
			isa = PBXNativeTarget;
			buildConfigurationList = C7A960382BBE7BF20046C0AE /* Build configuration list for PBXNativeTarget "swiftUiFirebaseTests" */;
			buildPhases = (
				C7A9601D2BBE7BF20046C0AE /* Sources */,
				C7A9601E2BBE7BF20046C0AE /* Frameworks */,
				C7A9601F2BBE7BF20046C0AE /* Resources */,
			);
			buildRules = (
			);
			dependencies = (
				C7A960232BBE7BF20046C0AE /* PBXTargetDependency */,
			);
			name = swiftUiFirebaseTests;
			productName = swiftUiFirebaseTests;
			productReference = C7A960212BBE7BF20046C0AE /* swiftUiFirebaseTests.xctest */;
			productType = "com.apple.product-type.bundle.unit-test";
		};
		C7A9602A2BBE7BF20046C0AE /* swiftUiFirebaseUITests */ = {
			isa = PBXNativeTarget;
			buildConfigurationList = C7A9603B2BBE7BF20046C0AE /* Build configuration list for PBXNativeTarget "swiftUiFirebaseUITests" */;
			buildPhases = (
				C7A960272BBE7BF20046C0AE /* Sources */,
				C7A960282BBE7BF20046C0AE /* Frameworks */,
				C7A960292BBE7BF20046C0AE /* Resources */,
			);
			buildRules = (
			);
			dependencies = (
				C7A9602D2BBE7BF20046C0AE /* PBXTargetDependency */,
			);
			name = swiftUiFirebaseUITests;
			productName = swiftUiFirebaseUITests;
			productReference = C7A9602B2BBE7BF20046C0AE /* swiftUiFirebaseUITests.xctest */;
			productType = "com.apple.product-type.bundle.ui-testing";
		};
/* End PBXNativeTarget section */

/* Begin PBXProject section */
		C7A960042BBE7BF10046C0AE /* Project object */ = {
			isa = PBXProject;
			attributes = {
				BuildIndependentTargetsInParallel = 1;
				LastSwiftUpdateCheck = 1520;
				LastUpgradeCheck = 1520;
				TargetAttributes = {
					C7A9600B2BBE7BF10046C0AE = {
						CreatedOnToolsVersion = 15.2;
					};
					C7A960202BBE7BF20046C0AE = {
						CreatedOnToolsVersion = 15.2;
						TestTargetID = C7A9600B2BBE7BF10046C0AE;
					};
					C7A9602A2BBE7BF20046C0AE = {
						CreatedOnToolsVersion = 15.2;
						TestTargetID = C7A9600B2BBE7BF10046C0AE;
					};
				};
			};
			buildConfigurationList = C7A960072BBE7BF10046C0AE /* Build configuration list for PBXProject "swiftUiFirebase" */;
			compatibilityVersion = "Xcode 14.0";
			developmentRegion = en;
			hasScannedForEncodings = 0;
			knownRegions = (
				en,
				Base,
			);
			mainGroup = C7A960032BBE7BF10046C0AE;
			packageReferences = (
				C7B728BC2BCCF15300774A7A /* XCRemoteSwiftPackageReference "firebase-ios-sdk" */,
			);
			productRefGroup = C7A9600D2BBE7BF10046C0AE /* Products */;
			projectDirPath = "";
			projectRoot = "";
			targets = (
				C7A9600B2BBE7BF10046C0AE /* swiftUiFirebase */,
				C7A960202BBE7BF20046C0AE /* swiftUiFirebaseTests */,
				C7A9602A2BBE7BF20046C0AE /* swiftUiFirebaseUITests */,
			);
		};
/* End PBXProject section */

/* Begin PBXResourcesBuildPhase section */
		C7A9600A2BBE7BF10046C0AE /* Resources */ = {
			isa = PBXResourcesBuildPhase;
			buildActionMask = 2147483647;
			files = (
				C7A960172BBE7BF20046C0AE /* Preview Assets.xcassets in Resources */,
				C7A960142BBE7BF20046C0AE /* Assets.xcassets in Resources */,
				C7B728BB2BCCF0B900774A7A /* GoogleService-Info.plist in Resources */,
			);
			runOnlyForDeploymentPostprocessing = 0;
		};
		C7A9601F2BBE7BF20046C0AE /* Resources */ = {
			isa = PBXResourcesBuildPhase;
			buildActionMask = 2147483647;
			files = (
			);
			runOnlyForDeploymentPostprocessing = 0;
		};
		C7A960292BBE7BF20046C0AE /* Resources */ = {
			isa = PBXResourcesBuildPhase;
			buildActionMask = 2147483647;
			files = (
			);
			runOnlyForDeploymentPostprocessing = 0;
		};
/* End PBXResourcesBuildPhase section */

/* Begin PBXSourcesBuildPhase section */
		C7A960082BBE7BF10046C0AE /* Sources */ = {
			isa = PBXSourcesBuildPhase;
			buildActionMask = 2147483647;
			files = (
				C78934422BCD5DE400EB7037 /* SwiftUIView.swift in Sources */,
				C7B728B92BCCEE3B00774A7A /* FirebaseFunctions.swift in Sources */,
				C7A36A3E2BCE4ECA00BAA88E /* UserEntityTable+CoreDataProperties.swift in Sources */,
				C7A9601C2BBE7BF20046C0AE /* swiftUiFirebase.xcdatamodeld in Sources */,
				C7AF3CBB2BC7C80400A55E21 /* OtpView.swift in Sources */,
				C7A960192BBE7BF20046C0AE /* Persistence.swift in Sources */,
				C7AF3CB92BC7C30200A55E21 /* Extensions.swift in Sources */,
				C7B728C32BCD0DB400774A7A /* OtpLoginViewModel.swift in Sources */,
				C7A960122BBE7BF10046C0AE /* ContentView.swift in Sources */,
				C7A960102BBE7BF10046C0AE /* swiftUiFirebaseApp.swift in Sources */,
				C7A36A3D2BCE4ECA00BAA88E /* UserEntityTable+CoreDataClass.swift in Sources */,
				C7A36A402BCE578000BAA88E /* SignUpView.swift in Sources */,
				C7B728C02BCCF48700774A7A /* DataView.swift in Sources */,
				C7AF3CB52BC7B0B200A55E21 /* OtpLoginView.swift in Sources */,
				C7AE9B352BBFC64F00CB0499 /* ContentViewModel.swift in Sources */,
			);
			runOnlyForDeploymentPostprocessing = 0;
		};
		C7A9601D2BBE7BF20046C0AE /* Sources */ = {
			isa = PBXSourcesBuildPhase;
			buildActionMask = 2147483647;
			files = (
				C7A960262BBE7BF20046C0AE /* swiftUiFirebaseTests.swift in Sources */,
			);
			runOnlyForDeploymentPostprocessing = 0;
		};
		C7A960272BBE7BF20046C0AE /* Sources */ = {
			isa = PBXSourcesBuildPhase;
			buildActionMask = 2147483647;
			files = (
				C7A960302BBE7BF20046C0AE /* swiftUiFirebaseUITests.swift in Sources */,
				C7A960322BBE7BF20046C0AE /* swiftUiFirebaseUITestsLaunchTests.swift in Sources */,
			);
			runOnlyForDeploymentPostprocessing = 0;
		};
/* End PBXSourcesBuildPhase section */

/* Begin PBXTargetDependency section */
		C7A960232BBE7BF20046C0AE /* PBXTargetDependency */ = {
			isa = PBXTargetDependency;
			target = C7A9600B2BBE7BF10046C0AE /* swiftUiFirebase */;
			targetProxy = C7A960222BBE7BF20046C0AE /* PBXContainerItemProxy */;
		};
		C7A9602D2BBE7BF20046C0AE /* PBXTargetDependency */ = {
			isa = PBXTargetDependency;
			target = C7A9600B2BBE7BF10046C0AE /* swiftUiFirebase */;
			targetProxy = C7A9602C2BBE7BF20046C0AE /* PBXContainerItemProxy */;
		};
/* End PBXTargetDependency section */

/* Begin XCBuildConfiguration section */
		C7A960332BBE7BF20046C0AE /* Debug */ = {
			isa = XCBuildConfiguration;
			buildSettings = {
				ALWAYS_SEARCH_USER_PATHS = NO;
				ASSETCATALOG_COMPILER_GENERATE_SWIFT_ASSET_SYMBOL_EXTENSIONS = YES;
				CLANG_ANALYZER_NONNULL = YES;
				CLANG_ANALYZER_NUMBER_OBJECT_CONVERSION = YES_AGGRESSIVE;
				CLANG_CXX_LANGUAGE_STANDARD = "gnu++20";
				CLANG_ENABLE_MODULES = YES;
				CLANG_ENABLE_OBJC_ARC = YES;
				CLANG_ENABLE_OBJC_WEAK = YES;
				CLANG_WARN_BLOCK_CAPTURE_AUTORELEASING = YES;
				CLANG_WARN_BOOL_CONVERSION = YES;
				CLANG_WARN_COMMA = YES;
				CLANG_WARN_CONSTANT_CONVERSION = YES;
				CLANG_WARN_DEPRECATED_OBJC_IMPLEMENTATIONS = YES;
				CLANG_WARN_DIRECT_OBJC_ISA_USAGE = YES_ERROR;
				CLANG_WARN_DOCUMENTATION_COMMENTS = YES;
				CLANG_WARN_EMPTY_BODY = YES;
				CLANG_WARN_ENUM_CONVERSION = YES;
				CLANG_WARN_INFINITE_RECURSION = YES;
				CLANG_WARN_INT_CONVERSION = YES;
				CLANG_WARN_NON_LITERAL_NULL_CONVERSION = YES;
				CLANG_WARN_OBJC_IMPLICIT_RETAIN_SELF = YES;
				CLANG_WARN_OBJC_LITERAL_CONVERSION = YES;
				CLANG_WARN_OBJC_ROOT_CLASS = YES_ERROR;
				CLANG_WARN_QUOTED_INCLUDE_IN_FRAMEWORK_HEADER = YES;
				CLANG_WARN_RANGE_LOOP_ANALYSIS = YES;
				CLANG_WARN_STRICT_PROTOTYPES = YES;
				CLANG_WARN_SUSPICIOUS_MOVE = YES;
				CLANG_WARN_UNGUARDED_AVAILABILITY = YES_AGGRESSIVE;
				CLANG_WARN_UNREACHABLE_CODE = YES;
				CLANG_WARN__DUPLICATE_METHOD_MATCH = YES;
				COPY_PHASE_STRIP = NO;
				DEBUG_INFORMATION_FORMAT = dwarf;
				ENABLE_STRICT_OBJC_MSGSEND = YES;
				ENABLE_TESTABILITY = YES;
				ENABLE_USER_SCRIPT_SANDBOXING = YES;
				GCC_C_LANGUAGE_STANDARD = gnu17;
				GCC_DYNAMIC_NO_PIC = NO;
				GCC_NO_COMMON_BLOCKS = YES;
				GCC_OPTIMIZATION_LEVEL = 0;
				GCC_PREPROCESSOR_DEFINITIONS = (
					"DEBUG=1",
					"$(inherited)",
				);
				GCC_WARN_64_TO_32_BIT_CONVERSION = YES;
				GCC_WARN_ABOUT_RETURN_TYPE = YES_ERROR;
				GCC_WARN_UNDECLARED_SELECTOR = YES;
				GCC_WARN_UNINITIALIZED_AUTOS = YES_AGGRESSIVE;
				GCC_WARN_UNUSED_FUNCTION = YES;
				GCC_WARN_UNUSED_VARIABLE = YES;
				IPHONEOS_DEPLOYMENT_TARGET = 17.2;
				LOCALIZATION_PREFERS_STRING_CATALOGS = YES;
				MTL_ENABLE_DEBUG_INFO = INCLUDE_SOURCE;
				MTL_FAST_MATH = YES;
				ONLY_ACTIVE_ARCH = YES;
				SDKROOT = iphoneos;
				SWIFT_ACTIVE_COMPILATION_CONDITIONS = "DEBUG $(inherited)";
				SWIFT_OPTIMIZATION_LEVEL = "-Onone";
			};
			name = Debug;
		};
		C7A960342BBE7BF20046C0AE /* Release */ = {
			isa = XCBuildConfiguration;
			buildSettings = {
				ALWAYS_SEARCH_USER_PATHS = NO;
				ASSETCATALOG_COMPILER_GENERATE_SWIFT_ASSET_SYMBOL_EXTENSIONS = YES;
				CLANG_ANALYZER_NONNULL = YES;
				CLANG_ANALYZER_NUMBER_OBJECT_CONVERSION = YES_AGGRESSIVE;
				CLANG_CXX_LANGUAGE_STANDARD = "gnu++20";
				CLANG_ENABLE_MODULES = YES;
				CLANG_ENABLE_OBJC_ARC = YES;
				CLANG_ENABLE_OBJC_WEAK = YES;
				CLANG_WARN_BLOCK_CAPTURE_AUTORELEASING = YES;
				CLANG_WARN_BOOL_CONVERSION = YES;
				CLANG_WARN_COMMA = YES;
				CLANG_WARN_CONSTANT_CONVERSION = YES;
				CLANG_WARN_DEPRECATED_OBJC_IMPLEMENTATIONS = YES;
				CLANG_WARN_DIRECT_OBJC_ISA_USAGE = YES_ERROR;
				CLANG_WARN_DOCUMENTATION_COMMENTS = YES;
				CLANG_WARN_EMPTY_BODY = YES;
				CLANG_WARN_ENUM_CONVERSION = YES;
				CLANG_WARN_INFINITE_RECURSION = YES;
				CLANG_WARN_INT_CONVERSION = YES;
				CLANG_WARN_NON_LITERAL_NULL_CONVERSION = YES;
				CLANG_WARN_OBJC_IMPLICIT_RETAIN_SELF = YES;
				CLANG_WARN_OBJC_LITERAL_CONVERSION = YES;
				CLANG_WARN_OBJC_ROOT_CLASS = YES_ERROR;
				CLANG_WARN_QUOTED_INCLUDE_IN_FRAMEWORK_HEADER = YES;
				CLANG_WARN_RANGE_LOOP_ANALYSIS = YES;
				CLANG_WARN_STRICT_PROTOTYPES = YES;
				CLANG_WARN_SUSPICIOUS_MOVE = YES;
				CLANG_WARN_UNGUARDED_AVAILABILITY = YES_AGGRESSIVE;
				CLANG_WARN_UNREACHABLE_CODE = YES;
				CLANG_WARN__DUPLICATE_METHOD_MATCH = YES;
				COPY_PHASE_STRIP = NO;
				DEBUG_INFORMATION_FORMAT = "dwarf-with-dsym";
				ENABLE_NS_ASSERTIONS = NO;
				ENABLE_STRICT_OBJC_MSGSEND = YES;
				ENABLE_USER_SCRIPT_SANDBOXING = YES;
				GCC_C_LANGUAGE_STANDARD = gnu17;
				GCC_NO_COMMON_BLOCKS = YES;
				GCC_WARN_64_TO_32_BIT_CONVERSION = YES;
				GCC_WARN_ABOUT_RETURN_TYPE = YES_ERROR;
				GCC_WARN_UNDECLARED_SELECTOR = YES;
				GCC_WARN_UNINITIALIZED_AUTOS = YES_AGGRESSIVE;
				GCC_WARN_UNUSED_FUNCTION = YES;
				GCC_WARN_UNUSED_VARIABLE = YES;
				IPHONEOS_DEPLOYMENT_TARGET = 17.2;
				LOCALIZATION_PREFERS_STRING_CATALOGS = YES;
				MTL_ENABLE_DEBUG_INFO = NO;
				MTL_FAST_MATH = YES;
				SDKROOT = iphoneos;
				SWIFT_COMPILATION_MODE = wholemodule;
				VALIDATE_PRODUCT = YES;
			};
			name = Release;
		};
		C7A960362BBE7BF20046C0AE /* Debug */ = {
			isa = XCBuildConfiguration;
			buildSettings = {
				ASSETCATALOG_COMPILER_APPICON_NAME = AppIcon;
				ASSETCATALOG_COMPILER_GLOBAL_ACCENT_COLOR_NAME = AccentColor;
				CODE_SIGN_ENTITLEMENTS = swiftUiFirebase/swiftUiFirebase.entitlements;
				CODE_SIGN_STYLE = Automatic;
				CURRENT_PROJECT_VERSION = 1;
				DEVELOPMENT_ASSET_PATHS = "\"swiftUiFirebase/Preview Content\"";
				ENABLE_PREVIEWS = YES;
				GENERATE_INFOPLIST_FILE = YES;
				INFOPLIST_FILE = swiftUiFirebase/Info.plist;
				INFOPLIST_KEY_UIApplicationSceneManifest_Generation = YES;
				INFOPLIST_KEY_UIApplicationSupportsIndirectInputEvents = YES;
				INFOPLIST_KEY_UILaunchScreen_Generation = YES;
				INFOPLIST_KEY_UISupportedInterfaceOrientations_iPad = "UIInterfaceOrientationPortrait UIInterfaceOrientationPortraitUpsideDown UIInterfaceOrientationLandscapeLeft UIInterfaceOrientationLandscapeRight";
				INFOPLIST_KEY_UISupportedInterfaceOrientations_iPhone = "UIInterfaceOrientationPortrait UIInterfaceOrientationLandscapeLeft UIInterfaceOrientationLandscapeRight";
				LD_RUNPATH_SEARCH_PATHS = (
					"$(inherited)",
					"@executable_path/Frameworks",
				);
				MARKETING_VERSION = 1.0;
				PRODUCT_BUNDLE_IDENTIFIER = com.example.swiftUiFirebase;
				PRODUCT_NAME = "$(TARGET_NAME)";
				SWIFT_EMIT_LOC_STRINGS = YES;
				SWIFT_VERSION = 5.0;
				TARGETED_DEVICE_FAMILY = "1,2";
			};
			name = Debug;
		};
		C7A960372BBE7BF20046C0AE /* Release */ = {
			isa = XCBuildConfiguration;
			buildSettings = {
				ASSETCATALOG_COMPILER_APPICON_NAME = AppIcon;
				ASSETCATALOG_COMPILER_GLOBAL_ACCENT_COLOR_NAME = AccentColor;
				CODE_SIGN_ENTITLEMENTS = swiftUiFirebase/swiftUiFirebase.entitlements;
				CODE_SIGN_STYLE = Automatic;
				CURRENT_PROJECT_VERSION = 1;
				DEVELOPMENT_ASSET_PATHS = "\"swiftUiFirebase/Preview Content\"";
				ENABLE_PREVIEWS = YES;
				GENERATE_INFOPLIST_FILE = YES;
				INFOPLIST_FILE = swiftUiFirebase/Info.plist;
				INFOPLIST_KEY_UIApplicationSceneManifest_Generation = YES;
				INFOPLIST_KEY_UIApplicationSupportsIndirectInputEvents = YES;
				INFOPLIST_KEY_UILaunchScreen_Generation = YES;
				INFOPLIST_KEY_UISupportedInterfaceOrientations_iPad = "UIInterfaceOrientationPortrait UIInterfaceOrientationPortraitUpsideDown UIInterfaceOrientationLandscapeLeft UIInterfaceOrientationLandscapeRight";
				INFOPLIST_KEY_UISupportedInterfaceOrientations_iPhone = "UIInterfaceOrientationPortrait UIInterfaceOrientationLandscapeLeft UIInterfaceOrientationLandscapeRight";
				LD_RUNPATH_SEARCH_PATHS = (
					"$(inherited)",
					"@executable_path/Frameworks",
				);
				MARKETING_VERSION = 1.0;
				PRODUCT_BUNDLE_IDENTIFIER = com.example.swiftUiFirebase;
				PRODUCT_NAME = "$(TARGET_NAME)";
				SWIFT_EMIT_LOC_STRINGS = YES;
				SWIFT_VERSION = 5.0;
				TARGETED_DEVICE_FAMILY = "1,2";
			};
			name = Release;
		};
		C7A960392BBE7BF20046C0AE /* Debug */ = {
			isa = XCBuildConfiguration;
			buildSettings = {
				ALWAYS_EMBED_SWIFT_STANDARD_LIBRARIES = YES;
				BUNDLE_LOADER = "$(TEST_HOST)";
				CODE_SIGN_STYLE = Automatic;
				CURRENT_PROJECT_VERSION = 1;
				GENERATE_INFOPLIST_FILE = YES;
				IPHONEOS_DEPLOYMENT_TARGET = 17.2;
				MARKETING_VERSION = 1.0;
				PRODUCT_BUNDLE_IDENTIFIER = com.example.swiftUiFirebaseTests;
				PRODUCT_NAME = "$(TARGET_NAME)";
				SWIFT_EMIT_LOC_STRINGS = NO;
				SWIFT_VERSION = 5.0;
				TARGETED_DEVICE_FAMILY = "1,2";
				TEST_HOST = "$(BUILT_PRODUCTS_DIR)/swiftUiFirebase.app/$(BUNDLE_EXECUTABLE_FOLDER_PATH)/swiftUiFirebase";
			};
			name = Debug;
		};
		C7A9603A2BBE7BF20046C0AE /* Release */ = {
			isa = XCBuildConfiguration;
			buildSettings = {
				ALWAYS_EMBED_SWIFT_STANDARD_LIBRARIES = YES;
				BUNDLE_LOADER = "$(TEST_HOST)";
				CODE_SIGN_STYLE = Automatic;
				CURRENT_PROJECT_VERSION = 1;
				GENERATE_INFOPLIST_FILE = YES;
				IPHONEOS_DEPLOYMENT_TARGET = 17.2;
				MARKETING_VERSION = 1.0;
				PRODUCT_BUNDLE_IDENTIFIER = com.example.swiftUiFirebaseTests;
				PRODUCT_NAME = "$(TARGET_NAME)";
				SWIFT_EMIT_LOC_STRINGS = NO;
				SWIFT_VERSION = 5.0;
				TARGETED_DEVICE_FAMILY = "1,2";
				TEST_HOST = "$(BUILT_PRODUCTS_DIR)/swiftUiFirebase.app/$(BUNDLE_EXECUTABLE_FOLDER_PATH)/swiftUiFirebase";
			};
			name = Release;
		};
		C7A9603C2BBE7BF20046C0AE /* Debug */ = {
			isa = XCBuildConfiguration;
			buildSettings = {
				ALWAYS_EMBED_SWIFT_STANDARD_LIBRARIES = YES;
				CODE_SIGN_STYLE = Automatic;
				CURRENT_PROJECT_VERSION = 1;
				GENERATE_INFOPLIST_FILE = YES;
				MARKETING_VERSION = 1.0;
				PRODUCT_BUNDLE_IDENTIFIER = com.example.swiftUiFirebaseUITests;
				PRODUCT_NAME = "$(TARGET_NAME)";
				SWIFT_EMIT_LOC_STRINGS = NO;
				SWIFT_VERSION = 5.0;
				TARGETED_DEVICE_FAMILY = "1,2";
				TEST_TARGET_NAME = swiftUiFirebase;
			};
			name = Debug;
		};
		C7A9603D2BBE7BF20046C0AE /* Release */ = {
			isa = XCBuildConfiguration;
			buildSettings = {
				ALWAYS_EMBED_SWIFT_STANDARD_LIBRARIES = YES;
				CODE_SIGN_STYLE = Automatic;
				CURRENT_PROJECT_VERSION = 1;
				GENERATE_INFOPLIST_FILE = YES;
				MARKETING_VERSION = 1.0;
				PRODUCT_BUNDLE_IDENTIFIER = com.example.swiftUiFirebaseUITests;
				PRODUCT_NAME = "$(TARGET_NAME)";
				SWIFT_EMIT_LOC_STRINGS = NO;
				SWIFT_VERSION = 5.0;
				TARGETED_DEVICE_FAMILY = "1,2";
				TEST_TARGET_NAME = swiftUiFirebase;
			};
			name = Release;
		};
/* End XCBuildConfiguration section */

/* Begin XCConfigurationList section */
		C7A960072BBE7BF10046C0AE /* Build configuration list for PBXProject "swiftUiFirebase" */ = {
			isa = XCConfigurationList;
			buildConfigurations = (
				C7A960332BBE7BF20046C0AE /* Debug */,
				C7A960342BBE7BF20046C0AE /* Release */,
			);
			defaultConfigurationIsVisible = 0;
			defaultConfigurationName = Release;
		};
		C7A960352BBE7BF20046C0AE /* Build configuration list for PBXNativeTarget "swiftUiFirebase" */ = {
			isa = XCConfigurationList;
			buildConfigurations = (
				C7A960362BBE7BF20046C0AE /* Debug */,
				C7A960372BBE7BF20046C0AE /* Release */,
			);
			defaultConfigurationIsVisible = 0;
			defaultConfigurationName = Release;
		};
		C7A960382BBE7BF20046C0AE /* Build configuration list for PBXNativeTarget "swiftUiFirebaseTests" */ = {
			isa = XCConfigurationList;
			buildConfigurations = (
				C7A960392BBE7BF20046C0AE /* Debug */,
				C7A9603A2BBE7BF20046C0AE /* Release */,
			);
			defaultConfigurationIsVisible = 0;
			defaultConfigurationName = Release;
		};
		C7A9603B2BBE7BF20046C0AE /* Build configuration list for PBXNativeTarget "swiftUiFirebaseUITests" */ = {
			isa = XCConfigurationList;
			buildConfigurations = (
				C7A9603C2BBE7BF20046C0AE /* Debug */,
				C7A9603D2BBE7BF20046C0AE /* Release */,
			);
			defaultConfigurationIsVisible = 0;
			defaultConfigurationName = Release;
		};
/* End XCConfigurationList section */

/* Begin XCRemoteSwiftPackageReference section */
		C7B728BC2BCCF15300774A7A /* XCRemoteSwiftPackageReference "firebase-ios-sdk" */ = {
			isa = XCRemoteSwiftPackageReference;
			repositoryURL = "https://github.com/firebase/firebase-ios-sdk";
			requirement = {
				kind = upToNextMajorVersion;
				minimumVersion = 10.24.0;
			};
		};
/* End XCRemoteSwiftPackageReference section */

/* Begin XCSwiftPackageProductDependency section */
		C7B728BD2BCCF15300774A7A /* FirebaseAuth */ = {
			isa = XCSwiftPackageProductDependency;
			package = C7B728BC2BCCF15300774A7A /* XCRemoteSwiftPackageReference "firebase-ios-sdk" */;
			productName = FirebaseAuth;
		};
/* End XCSwiftPackageProductDependency section */

/* Begin XCVersionGroup section */
		C7A9601A2BBE7BF20046C0AE /* swiftUiFirebase.xcdatamodeld */ = {
			isa = XCVersionGroup;
			children = (
				C7A9601B2BBE7BF20046C0AE /* swiftUiFirebase.xcdatamodel */,
			);
			currentVersion = C7A9601B2BBE7BF20046C0AE /* swiftUiFirebase.xcdatamodel */;
			path = swiftUiFirebase.xcdatamodeld;
			sourceTree = "<group>";
			versionGroupType = wrapper.xcdatamodel;
		};
/* End XCVersionGroup section */
	};
	rootObject = C7A960042BBE7BF10046C0AE /* Project object */;
}
